
Microsoft Visual Studio Solution File, Format Version 12.00
# Visual Studio Version 17
VisualStudioVersion = 17.0.32014.148
MinimumVisualStudioVersion = 10.0.40219.1
Project("{FAE04EC0-301F-11D3-BF4B-00C04F79EFBC}") = "CardGenerator", "CardGenerator\CardGenerator.csproj", "{FBAC1BDC-67F5-42B3-B9D0-4A0564827D5A}"
EndProject
Global
	GlobalSection(SolutionConfigurationPlatforms) = preSolution
		Debug|Any CPU = Debug|Any CPU
		Release|Any CPU = Release|Any CPU
	EndGlobalSection
	GlobalSection(ProjectConfigurationPlatforms) = postSolution
		{FBAC1BDC-67F5-42B3-B9D0-4A0564827D5A}.Debug|Any CPU.ActiveCfg = Debug|Any CPU
		{FBAC1BDC-67F5-42B3-B9D0-4A0564827D5A}.Debug|Any CPU.Build.0 = Debug|Any CPU
		{FBAC1BDC-67F5-42B3-B9D0-4A0564827D5A}.Release|Any CPU.ActiveCfg = Release|Any CPU
		{FBAC1BDC-67F5-42B3-B9D0-4A0564827D5A}.Release|Any CPU.Build.0 = Release|Any CPU
	EndGlobalSection
	GlobalSection(SolutionProperties) = preSolution
		HideSolutionNode = FALSE
	EndGlobalSection
	GlobalSection(ExtensibilityGlobals) = postSolution
		SolutionGuid = {28E5CCBB-CB31-4B68-AFC3-18E8960FBB01}
	EndGlobalSection
EndGlobal
